
Microsoft Visual Studio Solution File, Format Version 12.00
# Visual Studio Version 17
VisualStudioVersion = 17.10.35013.160
MinimumVisualStudioVersion = 10.0.40219.1
Project("{9A19103F-16F7-4668-BE54-9A1E7A4F7556}") = "dotNetStandardTrialClass", "dotNetStandardTrialClass\dotNetStandardTrialClass.csproj", "{0BBD5D72-0E12-47EC-9C9E-95D966316853}"
EndProject
Project("{FAE04EC0-301F-11D3-BF4B-00C04F79EFBC}") = "ConsoleUI", "ConsoleUI\ConsoleUI.csproj", "{3F52C137-F392-4E04-89BC-0E4D7689E0DB}"
EndProject
Global
	GlobalSection(SolutionConfigurationPlatforms) = preSolution
		Debug|Any CPU = Debug|Any CPU
		Release|Any CPU = Release|Any CPU
	EndGlobalSection
	GlobalSection(ProjectConfigurationPlatforms) = postSolution
		{0BBD5D72-0E12-47EC-9C9E-95D966316853}.Debug|Any CPU.ActiveCfg = Debug|Any CPU
		{0BBD5D72-0E12-47EC-9C9E-95D966316853}.Debug|Any CPU.Build.0 = Debug|Any CPU
		{0BBD5D72-0E12-47EC-9C9E-95D966316853}.Release|Any CPU.ActiveCfg = Release|Any CPU
		{0BBD5D72-0E12-47EC-9C9E-95D966316853}.Release|Any CPU.Build.0 = Release|Any CPU
		{3F52C137-F392-4E04-89BC-0E4D7689E0DB}.Debug|Any CPU.ActiveCfg = Debug|Any CPU
		{3F52C137-F392-4E04-89BC-0E4D7689E0DB}.Debug|Any CPU.Build.0 = Debug|Any CPU
		{3F52C137-F392-4E04-89BC-0E4D7689E0DB}.Release|Any CPU.ActiveCfg = Release|Any CPU
		{3F52C137-F392-4E04-89BC-0E4D7689E0DB}.Release|Any CPU.Build.0 = Release|Any CPU
	EndGlobalSection
	GlobalSection(SolutionProperties) = preSolution
		HideSolutionNode = FALSE
	EndGlobalSection
	GlobalSection(ExtensibilityGlobals) = postSolution
		SolutionGuid = {156B630E-7AB1-454A-ABDE-8356A7B0D4DC}
	EndGlobalSection
EndGlobal
